// !$*UTF8*$!
{
	archiveVersion = 1;
	classes = {
	};
	objectVersion = 77;
	objects = {

/* Begin PBXBuildFile section */
		296EA7FB158DC2593CDFD59C /* StateVisitManager.swift in Sources */ = {isa = PBXBuildFile; fileRef = 5C54D751EC55B8A7D260E38A /* StateVisitManager.swift */; };
		2BC604C7BC556C3CC76B571A /* Assets.xcassets in Resources */ = {isa = PBXBuildFile; fileRef = 24567802EB06D9971337706F /* Assets.xcassets */; };
		A5C5BC5F4E4B6BF21B286608 /* india_states.geojson in Resources */ = {isa = PBXBuildFile; fileRef = 8511B427ED541CF688BCBDC0 /* india_states.geojson */; };
		C7B23E38AFC440F81B84FB61 /* IndiaMapView.swift in Sources */ = {isa = PBXBuildFile; fileRef = DF0E23BD024325DF5E41AEBF /* IndiaMapView.swift */; };
		CAF230F973DC1BADB0D7518C /* BeenThereApp.swift in Sources */ = {isa = PBXBuildFile; fileRef = 6E0952C1722C8C4F95CB3D74 /* BeenThereApp.swift */; };
		DB0C38DB697CF2B0FA870A57 /* ContentView.swift in Sources */ = {isa = PBXBuildFile; fileRef = 22C711256AA97E458E8FB5DC /* ContentView.swift */; };
		E84B3AA302C942D249235475 /* india_states.json in Resources */ = {isa = PBXBuildFile; fileRef = 9DBF00A6AE3EC97BFA805238 /* india_states.json */; };
/* End PBXBuildFile section */

/* Begin PBXFileReference section */
		22C711256AA97E458E8FB5DC /* ContentView.swift */ = {isa = PBXFileReference; lastKnownFileType = sourcecode.swift; path = ContentView.swift; sourceTree = "<group>"; };
		24567802EB06D9971337706F /* Assets.xcassets */ = {isa = PBXFileReference; lastKnownFileType = folder.assetcatalog; path = Assets.xcassets; sourceTree = "<group>"; };
		5C54D751EC55B8A7D260E38A /* StateVisitManager.swift */ = {isa = PBXFileReference; lastKnownFileType = sourcecode.swift; path = StateVisitManager.swift; sourceTree = "<group>"; };
		6E0952C1722C8C4F95CB3D74 /* BeenThereApp.swift */ = {isa = PBXFileReference; lastKnownFileType = sourcecode.swift; path = BeenThereApp.swift; sourceTree = "<group>"; };
		8511B427ED541CF688BCBDC0 /* india_states.geojson */ = {isa = PBXFileReference; lastKnownFileType = text; path = india_states.geojson; sourceTree = "<group>"; };
		927FDF49CA9D254ED3961125 /* BeenThere.app */ = {isa = PBXFileReference; explicitFileType = wrapper.application; includeInIndex = 0; path = BeenThere.app; sourceTree = BUILT_PRODUCTS_DIR; };
		9DBF00A6AE3EC97BFA805238 /* india_states.json */ = {isa = PBXFileReference; lastKnownFileType = text.json; path = india_states.json; sourceTree = "<group>"; };
		DF0E23BD024325DF5E41AEBF /* IndiaMapView.swift */ = {isa = PBXFileReference; lastKnownFileType = sourcecode.swift; path = IndiaMapView.swift; sourceTree = "<group>"; };
/* End PBXFileReference section */

/* Begin PBXGroup section */
		22202E3C5BB1961AE63FE7B7 /* App */ = {
			isa = PBXGroup;
			children = (
				6E0952C1722C8C4F95CB3D74 /* BeenThereApp.swift */,
			);
			path = App;
			sourceTree = "<group>";
		};
		241C926701396CA23C16245B /* Resources */ = {
			isa = PBXGroup;
			children = (
				24567802EB06D9971337706F /* Assets.xcassets */,
				8511B427ED541CF688BCBDC0 /* india_states.geojson */,
				9DBF00A6AE3EC97BFA805238 /* india_states.json */,
			);
			path = Resources;
			sourceTree = "<group>";
		};
		3BA41C03CFB502D48DBADBAE = {
			isa = PBXGroup;
			children = (
				8A49080973612CC80D0559EF /* BeenThere */,
				B78A898FA59383B0D79571B0 /* Products */,
			);
			sourceTree = "<group>";
		};
		58DFC25648B42D7B67D0DCC1 /* UI */ = {
			isa = PBXGroup;
			children = (
				22C711256AA97E458E8FB5DC /* ContentView.swift */,
				DF0E23BD024325DF5E41AEBF /* IndiaMapView.swift */,
				5C54D751EC55B8A7D260E38A /* StateVisitManager.swift */,
			);
			path = UI;
			sourceTree = "<group>";
		};
		8A49080973612CC80D0559EF /* BeenThere */ = {
			isa = PBXGroup;
			children = (
				22202E3C5BB1961AE63FE7B7 /* App */,
				241C926701396CA23C16245B /* Resources */,
				58DFC25648B42D7B67D0DCC1 /* UI */,
			);
			path = BeenThere;
			sourceTree = "<group>";
		};
		B78A898FA59383B0D79571B0 /* Products */ = {
			isa = PBXGroup;
			children = (
				927FDF49CA9D254ED3961125 /* BeenThere.app */,
			);
			name = Products;
			sourceTree = "<group>";
		};
/* End PBXGroup section */

/* Begin PBXNativeTarget section */
		44777DE6FC75257068FB8012 /* BeenThere */ = {
			isa = PBXNativeTarget;
			buildConfigurationList = 13C468F69E881DE552860766 /* Build configuration list for PBXNativeTarget "BeenThere" */;
			buildPhases = (
				61CB9B4AFE4A978E6B57FD74 /* Sources */,
				7A5CADC833678211B0578F43 /* Resources */,
			);
			buildRules = (
			);
			dependencies = (
			);
			name = BeenThere;
			packageProductDependencies = (
			);
			productName = BeenThere;
			productReference = 927FDF49CA9D254ED3961125 /* BeenThere.app */;
			productType = "com.apple.product-type.application";
		};
/* End PBXNativeTarget section */

/* Begin PBXProject section */
		41B885276C8BE5A855BAE2AE /* Project object */ = {
			isa = PBXProject;
			attributes = {
				BuildIndependentTargetsInParallel = YES;
				LastUpgradeCheck = 1430;
			};
			buildConfigurationList = AA2DD72CC4289FC2C6456F49 /* Build configuration list for PBXProject "BeenThere" */;
			developmentRegion = en;
			hasScannedForEncodings = 0;
			knownRegions = (
				Base,
				en,
			);
			mainGroup = 3BA41C03CFB502D48DBADBAE;
			minimizedProjectReferenceProxies = 1;
			preferredProjectObjectVersion = 77;
			productRefGroup = B78A898FA59383B0D79571B0 /* Products */;
			projectDirPath = "";
			projectRoot = "";
			targets = (
				44777DE6FC75257068FB8012 /* BeenThere */,
			);
		};
/* End PBXProject section */

/* Begin PBXResourcesBuildPhase section */
		7A5CADC833678211B0578F43 /* Resources */ = {
			isa = PBXResourcesBuildPhase;
			buildActionMask = 2147483647;
			files = (
				2BC604C7BC556C3CC76B571A /* Assets.xcassets in Resources */,
				A5C5BC5F4E4B6BF21B286608 /* india_states.geojson in Resources */,
				E84B3AA302C942D249235475 /* india_states.json in Resources */,
			);
			runOnlyForDeploymentPostprocessing = 0;
		};
/* End PBXResourcesBuildPhase section */

/* Begin PBXSourcesBuildPhase section */
		61CB9B4AFE4A978E6B57FD74 /* Sources */ = {
			isa = PBXSourcesBuildPhase;
			buildActionMask = 2147483647;
			files = (
				CAF230F973DC1BADB0D7518C /* BeenThereApp.swift in Sources */,
				DB0C38DB697CF2B0FA870A57 /* ContentView.swift in Sources */,
				C7B23E38AFC440F81B84FB61 /* IndiaMapView.swift in Sources */,
				296EA7FB158DC2593CDFD59C /* StateVisitManager.swift in Sources */,
			);
			runOnlyForDeploymentPostprocessing = 0;
		};
/* End PBXSourcesBuildPhase section */

/* Begin XCBuildConfiguration section */
		10AFE0EFE6E27D6E4ED39DD5 /* Debug */ = {
			isa = XCBuildConfiguration;
			buildSettings = {
				ALWAYS_SEARCH_USER_PATHS = NO;
				CLANG_ANALYZER_NONNULL = YES;
				CLANG_ANALYZER_NUMBER_OBJECT_CONVERSION = YES_AGGRESSIVE;
				CLANG_CXX_LANGUAGE_STANDARD = "gnu++14";
				CLANG_CXX_LIBRARY = "libc++";
				CLANG_ENABLE_MODULES = YES;
				CLANG_ENABLE_OBJC_ARC = YES;
				CLANG_ENABLE_OBJC_WEAK = YES;
				CLANG_WARN_BLOCK_CAPTURE_AUTORELEASING = YES;
				CLANG_WARN_BOOL_CONVERSION = YES;
				CLANG_WARN_COMMA = YES;
				CLANG_WARN_CONSTANT_CONVERSION = YES;
				CLANG_WARN_DEPRECATED_OBJC_IMPLEMENTATIONS = YES;
				CLANG_WARN_DIRECT_OBJC_ISA_USAGE = YES_ERROR;
				CLANG_WARN_DOCUMENTATION_COMMENTS = YES;
				CLANG_WARN_EMPTY_BODY = YES;
				CLANG_WARN_ENUM_CONVERSION = YES;
				CLANG_WARN_INFINITE_RECURSION = YES;
				CLANG_WARN_INT_CONVERSION = YES;
				CLANG_WARN_NON_LITERAL_NULL_CONVERSION = YES;
				CLANG_WARN_OBJC_IMPLICIT_RETAIN_SELF = YES;
				CLANG_WARN_OBJC_LITERAL_CONVERSION = YES;
				CLANG_WARN_OBJC_ROOT_CLASS = YES_ERROR;
				CLANG_WARN_QUOTED_INCLUDE_IN_FRAMEWORK_HEADER = YES;
				CLANG_WARN_RANGE_LOOP_ANALYSIS = YES;
				CLANG_WARN_STRICT_PROTOTYPES = YES;
				CLANG_WARN_SUSPICIOUS_MOVE = YES;
				CLANG_WARN_UNGUARDED_AVAILABILITY = YES_AGGRESSIVE;
				CLANG_WARN_UNREACHABLE_CODE = YES;
				CLANG_WARN__DUPLICATE_METHOD_MATCH = YES;
				COPY_PHASE_STRIP = NO;
				DEBUG_INFORMATION_FORMAT = dwarf;
				ENABLE_STRICT_OBJC_MSGSEND = YES;
				ENABLE_TESTABILITY = YES;
				GCC_C_LANGUAGE_STANDARD = gnu11;
				GCC_DYNAMIC_NO_PIC = NO;
				GCC_NO_COMMON_BLOCKS = YES;
				GCC_OPTIMIZATION_LEVEL = 0;
				GCC_PREPROCESSOR_DEFINITIONS = (
					"$(inherited)",
					"DEBUG=1",
				);
				GCC_WARN_64_TO_32_BIT_CONVERSION = YES;
				GCC_WARN_ABOUT_RETURN_TYPE = YES_ERROR;
				GCC_WARN_UNDECLARED_SELECTOR = YES;
				GCC_WARN_UNINITIALIZED_AUTOS = YES_AGGRESSIVE;
				GCC_WARN_UNUSED_FUNCTION = YES;
				GCC_WARN_UNUSED_VARIABLE = YES;
				MTL_ENABLE_DEBUG_INFO = INCLUDE_SOURCE;
				MTL_FAST_MATH = YES;
				ONLY_ACTIVE_ARCH = YES;
				PRODUCT_NAME = "$(TARGET_NAME)";
				SDKROOT = iphoneos;
				SWIFT_ACTIVE_COMPILATION_CONDITIONS = DEBUG;
				SWIFT_OPTIMIZATION_LEVEL = "-Onone";
				SWIFT_VERSION = 5.0;
			};
			name = Debug;
		};
		647385138898653ADD424EF9 /* Release */ = {
			isa = XCBuildConfiguration;
			buildSettings = {
				ASSETCATALOG_COMPILER_APPICON_NAME = AppIcon;
				ASSETCATALOG_COMPILER_GLOBAL_ACCENT_COLOR_NAME = AccentColor;
				CODE_SIGN_IDENTITY = "iPhone Developer";
				DEVELOPMENT_TEAM = FY2HBP6LC5;
				GENERATE_INFOPLIST_FILE = YES;
				INFOPLIST_KEY_UIApplicationSceneManifest_Generation = YES;
				INFOPLIST_KEY_UIApplicationSupportsIndirectInputEvents = YES;
				INFOPLIST_KEY_UILaunchScreen_Generation = YES;
				INFOPLIST_KEY_UISupportedInterfaceOrientations_iPhone = UIInterfaceOrientationPortrait;
				IPHONEOS_DEPLOYMENT_TARGET = 16.0;
				LD_RUNPATH_SEARCH_PATHS = (
					"$(inherited)",
					"@executable_path/Frameworks",
				);
				PRODUCT_BUNDLE_IDENTIFIER = com.thesohelshaikh.BeenThere;
				SDKROOT = iphoneos;
				TARGETED_DEVICE_FAMILY = "1,2";
			};
			name = Release;
		};
		EB8C3BFA02975140EDBE8621 /* Debug */ = {
			isa = XCBuildConfiguration;
			buildSettings = {
				ASSETCATALOG_COMPILER_APPICON_NAME = AppIcon;
				ASSETCATALOG_COMPILER_GLOBAL_ACCENT_COLOR_NAME = AccentColor;
				CODE_SIGN_IDENTITY = "iPhone Developer";
				DEVELOPMENT_TEAM = FY2HBP6LC5;
				GENERATE_INFOPLIST_FILE = YES;
				INFOPLIST_KEY_UIApplicationSceneManifest_Generation = YES;
				INFOPLIST_KEY_UIApplicationSupportsIndirectInputEvents = YES;
				INFOPLIST_KEY_UILaunchScreen_Generation = YES;
				INFOPLIST_KEY_UISupportedInterfaceOrientations_iPhone = UIInterfaceOrientationPortrait;
				IPHONEOS_DEPLOYMENT_TARGET = 16.0;
				LD_RUNPATH_SEARCH_PATHS = (
					"$(inherited)",
					"@executable_path/Frameworks",
				);
				PRODUCT_BUNDLE_IDENTIFIER = com.thesohelshaikh.BeenThere;
				SDKROOT = iphoneos;
				TARGETED_DEVICE_FAMILY = "1,2";
			};
			name = Debug;
		};
		EF54EEFE422134763C52EDEB /* Release */ = {
			isa = XCBuildConfiguration;
			buildSettings = {
				ALWAYS_SEARCH_USER_PATHS = NO;
				CLANG_ANALYZER_NONNULL = YES;
				CLANG_ANALYZER_NUMBER_OBJECT_CONVERSION = YES_AGGRESSIVE;
				CLANG_CXX_LANGUAGE_STANDARD = "gnu++14";
				CLANG_CXX_LIBRARY = "libc++";
				CLANG_ENABLE_MODULES = YES;
				CLANG_ENABLE_OBJC_ARC = YES;
				CLANG_ENABLE_OBJC_WEAK = YES;
				CLANG_WARN_BLOCK_CAPTURE_AUTORELEASING = YES;
				CLANG_WARN_BOOL_CONVERSION = YES;
				CLANG_WARN_COMMA = YES;
				CLANG_WARN_CONSTANT_CONVERSION = YES;
				CLANG_WARN_DEPRECATED_OBJC_IMPLEMENTATIONS = YES;
				CLANG_WARN_DIRECT_OBJC_ISA_USAGE = YES_ERROR;
				CLANG_WARN_DOCUMENTATION_COMMENTS = YES;
				CLANG_WARN_EMPTY_BODY = YES;
				CLANG_WARN_ENUM_CONVERSION = YES;
				CLANG_WARN_INFINITE_RECURSION = YES;
				CLANG_WARN_INT_CONVERSION = YES;
				CLANG_WARN_NON_LITERAL_NULL_CONVERSION = YES;
				CLANG_WARN_OBJC_IMPLICIT_RETAIN_SELF = YES;
				CLANG_WARN_OBJC_LITERAL_CONVERSION = YES;
				CLANG_WARN_OBJC_ROOT_CLASS = YES_ERROR;
				CLANG_WARN_QUOTED_INCLUDE_IN_FRAMEWORK_HEADER = YES;
				CLANG_WARN_RANGE_LOOP_ANALYSIS = YES;
				CLANG_WARN_STRICT_PROTOTYPES = YES;
				CLANG_WARN_SUSPICIOUS_MOVE = YES;
				CLANG_WARN_UNGUARDED_AVAILABILITY = YES_AGGRESSIVE;
				CLANG_WARN_UNREACHABLE_CODE = YES;
				CLANG_WARN__DUPLICATE_METHOD_MATCH = YES;
				COPY_PHASE_STRIP = NO;
				DEBUG_INFORMATION_FORMAT = "dwarf-with-dsym";
				ENABLE_NS_ASSERTIONS = NO;
				ENABLE_STRICT_OBJC_MSGSEND = YES;
				GCC_C_LANGUAGE_STANDARD = gnu11;
				GCC_NO_COMMON_BLOCKS = YES;
				GCC_WARN_64_TO_32_BIT_CONVERSION = YES;
				GCC_WARN_ABOUT_RETURN_TYPE = YES_ERROR;
				GCC_WARN_UNDECLARED_SELECTOR = YES;
				GCC_WARN_UNINITIALIZED_AUTOS = YES_AGGRESSIVE;
				GCC_WARN_UNUSED_FUNCTION = YES;
				GCC_WARN_UNUSED_VARIABLE = YES;
				MTL_ENABLE_DEBUG_INFO = NO;
				MTL_FAST_MATH = YES;
				PRODUCT_NAME = "$(TARGET_NAME)";
				SDKROOT = iphoneos;
				SWIFT_COMPILATION_MODE = wholemodule;
				SWIFT_OPTIMIZATION_LEVEL = "-O";
				SWIFT_VERSION = 5.0;
			};
			name = Release;
		};
/* End XCBuildConfiguration section */

/* Begin XCConfigurationList section */
		13C468F69E881DE552860766 /* Build configuration list for PBXNativeTarget "BeenThere" */ = {
			isa = XCConfigurationList;
			buildConfigurations = (
				EB8C3BFA02975140EDBE8621 /* Debug */,
				647385138898653ADD424EF9 /* Release */,
			);
			defaultConfigurationIsVisible = 0;
			defaultConfigurationName = Debug;
		};
		AA2DD72CC4289FC2C6456F49 /* Build configuration list for PBXProject "BeenThere" */ = {
			isa = XCConfigurationList;
			buildConfigurations = (
				10AFE0EFE6E27D6E4ED39DD5 /* Debug */,
				EF54EEFE422134763C52EDEB /* Release */,
			);
			defaultConfigurationIsVisible = 0;
			defaultConfigurationName = Debug;
		};
/* End XCConfigurationList section */
	};
	rootObject = 41B885276C8BE5A855BAE2AE /* Project object */;
}
